{
  "name": "@alumis/ts",
  "version": "1.0.6",
  "lockfileVersion": 1,
  "requires": true,
  "dependencies": {
    "@alumis/ts-async": {
      "version": "1.0.0",
      "resolved": "https://registry.npmjs.org/@alumis/ts-async/-/ts-async-1.0.0.tgz",
      "integrity": "sha512-3YbeStFn+oVIRbEbPQ1fhTIJ9NH/UU1CQYjYsa9cr+vBK3mX8jve2dmXBJlp+SeuR1k2R+r1Pumso+uXUmnqvQ=="
    },
    "core-js": {
      "version": "3.6.1",
      "resolved": "https://registry.npmjs.org/core-js/-/core-js-3.6.1.tgz",
      "integrity": "sha512-186WjSik2iTGfDjfdCZAxv2ormxtKgemjC3SI6PL31qOA0j5LhTDVjHChccoc7brwLvpvLPiMyRlcO88C4l1QQ==",
      "dev": true
    }
  }
}
